// !$*UTF8*$!
{
	archiveVersion = 1;
	classes = {
	};
	objectVersion = 56;
	objects = {

/* Begin PBXBuildFile section */
		9601D5002AC0766D00B81FCB /* TinderESMApp.swift in Sources */ = {isa = PBXBuildFile; fileRef = 9601D4FF2AC0766D00B81FCB /* TinderESMApp.swift */; };
		9601D5022AC0766D00B81FCB /* ContentView.swift in Sources */ = {isa = PBXBuildFile; fileRef = 9601D5012AC0766D00B81FCB /* ContentView.swift */; };
		9601D5042AC0766E00B81FCB /* Assets.xcassets in Resources */ = {isa = PBXBuildFile; fileRef = 9601D5032AC0766E00B81FCB /* Assets.xcassets */; };
		9601D5072AC0766E00B81FCB /* Preview Assets.xcassets in Resources */ = {isa = PBXBuildFile; fileRef = 9601D5062AC0766E00B81FCB /* Preview Assets.xcassets */; };
		9601D5132AC076F500B81FCB /* CardStackView.swift in Sources */ = {isa = PBXBuildFile; fileRef = 9601D5122AC076F500B81FCB /* CardStackView.swift */; };
		9601D5152AC0770100B81FCB /* CardView.swift in Sources */ = {isa = PBXBuildFile; fileRef = 9601D5142AC0770100B81FCB /* CardView.swift */; };
		9601D5172AC0770C00B81FCB /* CardViewModel.swift in Sources */ = {isa = PBXBuildFile; fileRef = 9601D5162AC0770C00B81FCB /* CardViewModel.swift */; };
		9601D5192AC0771C00B81FCB /* ApiService.swift in Sources */ = {isa = PBXBuildFile; fileRef = 9601D5182AC0771C00B81FCB /* ApiService.swift */; };
		9601D51B2AC08D3F00B81FCB /* NotificationService.swift in Sources */ = {isa = PBXBuildFile; fileRef = 9601D51A2AC08D3F00B81FCB /* NotificationService.swift */; };
		9601D51D2AC2D5F000B81FCB /* IdInputView.swift in Sources */ = {isa = PBXBuildFile; fileRef = 9601D51C2AC2D5F000B81FCB /* IdInputView.swift */; };
		962329EB2AC32F2C00935F17 /* ProfileView.swift in Sources */ = {isa = PBXBuildFile; fileRef = 962329EA2AC32F2C00935F17 /* ProfileView.swift */; };
/* End PBXBuildFile section */

/* Begin PBXFileReference section */
		9601D4FC2AC0766D00B81FCB /* TinderESM.app */ = {isa = PBXFileReference; explicitFileType = wrapper.application; includeInIndex = 0; path = TinderESM.app; sourceTree = BUILT_PRODUCTS_DIR; };
		9601D4FF2AC0766D00B81FCB /* TinderESMApp.swift */ = {isa = PBXFileReference; lastKnownFileType = sourcecode.swift; path = TinderESMApp.swift; sourceTree = "<group>"; };
		9601D5012AC0766D00B81FCB /* ContentView.swift */ = {isa = PBXFileReference; lastKnownFileType = sourcecode.swift; path = ContentView.swift; sourceTree = "<group>"; };
		9601D5032AC0766E00B81FCB /* Assets.xcassets */ = {isa = PBXFileReference; lastKnownFileType = folder.assetcatalog; path = Assets.xcassets; sourceTree = "<group>"; };
		9601D5062AC0766E00B81FCB /* Preview Assets.xcassets */ = {isa = PBXFileReference; lastKnownFileType = folder.assetcatalog; path = "Preview Assets.xcassets"; sourceTree = "<group>"; };
		9601D5122AC076F500B81FCB /* CardStackView.swift */ = {isa = PBXFileReference; lastKnownFileType = sourcecode.swift; path = CardStackView.swift; sourceTree = "<group>"; };
		9601D5142AC0770100B81FCB /* CardView.swift */ = {isa = PBXFileReference; lastKnownFileType = sourcecode.swift; path = CardView.swift; sourceTree = "<group>"; };
		9601D5162AC0770C00B81FCB /* CardViewModel.swift */ = {isa = PBXFileReference; lastKnownFileType = sourcecode.swift; path = CardViewModel.swift; sourceTree = "<group>"; };
		9601D5182AC0771C00B81FCB /* ApiService.swift */ = {isa = PBXFileReference; lastKnownFileType = sourcecode.swift; path = ApiService.swift; sourceTree = "<group>"; };
		9601D51A2AC08D3F00B81FCB /* NotificationService.swift */ = {isa = PBXFileReference; lastKnownFileType = sourcecode.swift; path = NotificationService.swift; sourceTree = "<group>"; };
		9601D51C2AC2D5F000B81FCB /* IdInputView.swift */ = {isa = PBXFileReference; lastKnownFileType = sourcecode.swift; path = IdInputView.swift; sourceTree = "<group>"; };
		962329EA2AC32F2C00935F17 /* ProfileView.swift */ = {isa = PBXFileReference; lastKnownFileType = sourcecode.swift; path = ProfileView.swift; sourceTree = "<group>"; };
/* End PBXFileReference section */

/* Begin PBXFrameworksBuildPhase section */
		9601D4F92AC0766D00B81FCB /* Frameworks */ = {
			isa = PBXFrameworksBuildPhase;
			buildActionMask = 2147483647;
			files = (
			);
			runOnlyForDeploymentPostprocessing = 0;
		};
/* End PBXFrameworksBuildPhase section */

/* Begin PBXGroup section */
		9601D4F32AC0766D00B81FCB = {
			isa = PBXGroup;
			children = (
				9601D4FE2AC0766D00B81FCB /* TinderESM */,
				9601D4FD2AC0766D00B81FCB /* Products */,
			);
			sourceTree = "<group>";
		};
		9601D4FD2AC0766D00B81FCB /* Products */ = {
			isa = PBXGroup;
			children = (
				9601D4FC2AC0766D00B81FCB /* TinderESM.app */,
			);
			name = Products;
			sourceTree = "<group>";
		};
		9601D4FE2AC0766D00B81FCB /* TinderESM */ = {
			isa = PBXGroup;
			children = (
				9601D5112AC0769D00B81FCB /* Models */,
				9601D5102AC0769600B81FCB /* ViewModels */,
				9601D50F2AC0768E00B81FCB /* Views */,
				9601D50E2AC0768800B81FCB /* Networkings */,
				9601D50D2AC0767D00B81FCB /* Resources */,
				9601D4FF2AC0766D00B81FCB /* TinderESMApp.swift */,
				9601D5012AC0766D00B81FCB /* ContentView.swift */,
				9601D5032AC0766E00B81FCB /* Assets.xcassets */,
				9601D5052AC0766E00B81FCB /* Preview Content */,
			);
			path = TinderESM;
			sourceTree = "<group>";
		};
		9601D5052AC0766E00B81FCB /* Preview Content */ = {
			isa = PBXGroup;
			children = (
				9601D5062AC0766E00B81FCB /* Preview Assets.xcassets */,
			);
			path = "Preview Content";
			sourceTree = "<group>";
		};
		9601D50D2AC0767D00B81FCB /* Resources */ = {
			isa = PBXGroup;
			children = (
			);
			path = Resources;
			sourceTree = "<group>";
		};
		9601D50E2AC0768800B81FCB /* Networkings */ = {
			isa = PBXGroup;
			children = (
				9601D5182AC0771C00B81FCB /* ApiService.swift */,
				9601D51A2AC08D3F00B81FCB /* NotificationService.swift */,
			);
			path = Networkings;
			sourceTree = "<group>";
		};
		9601D50F2AC0768E00B81FCB /* Views */ = {
			isa = PBXGroup;
			children = (
				9601D5122AC076F500B81FCB /* CardStackView.swift */,
				9601D5142AC0770100B81FCB /* CardView.swift */,
				9601D5162AC0770C00B81FCB /* CardViewModel.swift */,
				9601D51C2AC2D5F000B81FCB /* IdInputView.swift */,
				962329EA2AC32F2C00935F17 /* ProfileView.swift */,
			);
			path = Views;
			sourceTree = "<group>";
		};
		9601D5102AC0769600B81FCB /* ViewModels */ = {
			isa = PBXGroup;
			children = (
			);
			path = ViewModels;
			sourceTree = "<group>";
		};
		9601D5112AC0769D00B81FCB /* Models */ = {
			isa = PBXGroup;
			children = (
			);
			path = Models;
			sourceTree = "<group>";
		};
/* End PBXGroup section */

/* Begin PBXNativeTarget section */
		9601D4FB2AC0766D00B81FCB /* TinderESM */ = {
			isa = PBXNativeTarget;
			buildConfigurationList = 9601D50A2AC0766E00B81FCB /* Build configuration list for PBXNativeTarget "TinderESM" */;
			buildPhases = (
				9601D4F82AC0766D00B81FCB /* Sources */,
				9601D4F92AC0766D00B81FCB /* Frameworks */,
				9601D4FA2AC0766D00B81FCB /* Resources */,
			);
			buildRules = (
			);
			dependencies = (
			);
			name = TinderESM;
			productName = TinderESM;
			productReference = 9601D4FC2AC0766D00B81FCB /* TinderESM.app */;
			productType = "com.apple.product-type.application";
		};
/* End PBXNativeTarget section */

/* Begin PBXProject section */
		9601D4F42AC0766D00B81FCB /* Project object */ = {
			isa = PBXProject;
			attributes = {
				BuildIndependentTargetsInParallel = 1;
				LastSwiftUpdateCheck = 1500;
				LastUpgradeCheck = 1500;
				TargetAttributes = {
					9601D4FB2AC0766D00B81FCB = {
						CreatedOnToolsVersion = 15.0;
					};
				};
			};
			buildConfigurationList = 9601D4F72AC0766D00B81FCB /* Build configuration list for PBXProject "TinderESM" */;
			compatibilityVersion = "Xcode 14.0";
			developmentRegion = en;
			hasScannedForEncodings = 0;
			knownRegions = (
				en,
				Base,
			);
			mainGroup = 9601D4F32AC0766D00B81FCB;
			productRefGroup = 9601D4FD2AC0766D00B81FCB /* Products */;
			projectDirPath = "";
			projectRoot = "";
			targets = (
				9601D4FB2AC0766D00B81FCB /* TinderESM */,
			);
		};
/* End PBXProject section */

/* Begin PBXResourcesBuildPhase section */
		9601D4FA2AC0766D00B81FCB /* Resources */ = {
			isa = PBXResourcesBuildPhase;
			buildActionMask = 2147483647;
			files = (
				9601D5072AC0766E00B81FCB /* Preview Assets.xcassets in Resources */,
				9601D5042AC0766E00B81FCB /* Assets.xcassets in Resources */,
			);
			runOnlyForDeploymentPostprocessing = 0;
		};
/* End PBXResourcesBuildPhase section */

/* Begin PBXSourcesBuildPhase section */
		9601D4F82AC0766D00B81FCB /* Sources */ = {
			isa = PBXSourcesBuildPhase;
			buildActionMask = 2147483647;
			files = (
				9601D5132AC076F500B81FCB /* CardStackView.swift in Sources */,
				962329EB2AC32F2C00935F17 /* ProfileView.swift in Sources */,
				9601D5022AC0766D00B81FCB /* ContentView.swift in Sources */,
				9601D51B2AC08D3F00B81FCB /* NotificationService.swift in Sources */,
				9601D5192AC0771C00B81FCB /* ApiService.swift in Sources */,
				9601D51D2AC2D5F000B81FCB /* IdInputView.swift in Sources */,
				9601D5152AC0770100B81FCB /* CardView.swift in Sources */,
				9601D5002AC0766D00B81FCB /* TinderESMApp.swift in Sources */,
				9601D5172AC0770C00B81FCB /* CardViewModel.swift in Sources */,
			);
			runOnlyForDeploymentPostprocessing = 0;
		};
/* End PBXSourcesBuildPhase section */

/* Begin XCBuildConfiguration section */
		9601D5082AC0766E00B81FCB /* Debug */ = {
			isa = XCBuildConfiguration;
			buildSettings = {
				ALWAYS_SEARCH_USER_PATHS = NO;
				ASSETCATALOG_COMPILER_GENERATE_SWIFT_ASSET_SYMBOL_EXTENSIONS = YES;
				CLANG_ANALYZER_NONNULL = YES;
				CLANG_ANALYZER_NUMBER_OBJECT_CONVERSION = YES_AGGRESSIVE;
				CLANG_CXX_LANGUAGE_STANDARD = "gnu++20";
				CLANG_ENABLE_MODULES = YES;
				CLANG_ENABLE_OBJC_ARC = YES;
				CLANG_ENABLE_OBJC_WEAK = YES;
				CLANG_WARN_BLOCK_CAPTURE_AUTORELEASING = YES;
				CLANG_WARN_BOOL_CONVERSION = YES;
				CLANG_WARN_COMMA = YES;
				CLANG_WARN_CONSTANT_CONVERSION = YES;
				CLANG_WARN_DEPRECATED_OBJC_IMPLEMENTATIONS = YES;
				CLANG_WARN_DIRECT_OBJC_ISA_USAGE = YES_ERROR;
				CLANG_WARN_DOCUMENTATION_COMMENTS = YES;
				CLANG_WARN_EMPTY_BODY = YES;
				CLANG_WARN_ENUM_CONVERSION = YES;
				CLANG_WARN_INFINITE_RECURSION = YES;
				CLANG_WARN_INT_CONVERSION = YES;
				CLANG_WARN_NON_LITERAL_NULL_CONVERSION = YES;
				CLANG_WARN_OBJC_IMPLICIT_RETAIN_SELF = YES;
				CLANG_WARN_OBJC_LITERAL_CONVERSION = YES;
				CLANG_WARN_OBJC_ROOT_CLASS = YES_ERROR;
				CLANG_WARN_QUOTED_INCLUDE_IN_FRAMEWORK_HEADER = YES;
				CLANG_WARN_RANGE_LOOP_ANALYSIS = YES;
				CLANG_WARN_STRICT_PROTOTYPES = YES;
				CLANG_WARN_SUSPICIOUS_MOVE = YES;
				CLANG_WARN_UNGUARDED_AVAILABILITY = YES_AGGRESSIVE;
				CLANG_WARN_UNREACHABLE_CODE = YES;
				CLANG_WARN__DUPLICATE_METHOD_MATCH = YES;
				COPY_PHASE_STRIP = NO;
				DEBUG_INFORMATION_FORMAT = dwarf;
				ENABLE_STRICT_OBJC_MSGSEND = YES;
				ENABLE_TESTABILITY = YES;
				ENABLE_USER_SCRIPT_SANDBOXING = YES;
				GCC_C_LANGUAGE_STANDARD = gnu17;
				GCC_DYNAMIC_NO_PIC = NO;
				GCC_NO_COMMON_BLOCKS = YES;
				GCC_OPTIMIZATION_LEVEL = 0;
				GCC_PREPROCESSOR_DEFINITIONS = (
					"DEBUG=1",
					"$(inherited)",
				);
				GCC_WARN_64_TO_32_BIT_CONVERSION = YES;
				GCC_WARN_ABOUT_RETURN_TYPE = YES_ERROR;
				GCC_WARN_UNDECLARED_SELECTOR = YES;
				GCC_WARN_UNINITIALIZED_AUTOS = YES_AGGRESSIVE;
				GCC_WARN_UNUSED_FUNCTION = YES;
				GCC_WARN_UNUSED_VARIABLE = YES;
				IPHONEOS_DEPLOYMENT_TARGET = 17.0;
				LOCALIZATION_PREFERS_STRING_CATALOGS = YES;
				MTL_ENABLE_DEBUG_INFO = INCLUDE_SOURCE;
				MTL_FAST_MATH = YES;
				ONLY_ACTIVE_ARCH = YES;
				SDKROOT = iphoneos;
				SWIFT_ACTIVE_COMPILATION_CONDITIONS = "DEBUG $(inherited)";
				SWIFT_OPTIMIZATION_LEVEL = "-Onone";
			};
			name = Debug;
		};
		9601D5092AC0766E00B81FCB /* Release */ = {
			isa = XCBuildConfiguration;
			buildSettings = {
				ALWAYS_SEARCH_USER_PATHS = NO;
				ASSETCATALOG_COMPILER_GENERATE_SWIFT_ASSET_SYMBOL_EXTENSIONS = YES;
				CLANG_ANALYZER_NONNULL = YES;
				CLANG_ANALYZER_NUMBER_OBJECT_CONVERSION = YES_AGGRESSIVE;
				CLANG_CXX_LANGUAGE_STANDARD = "gnu++20";
				CLANG_ENABLE_MODULES = YES;
				CLANG_ENABLE_OBJC_ARC = YES;
				CLANG_ENABLE_OBJC_WEAK = YES;
				CLANG_WARN_BLOCK_CAPTURE_AUTORELEASING = YES;
				CLANG_WARN_BOOL_CONVERSION = YES;
				CLANG_WARN_COMMA = YES;
				CLANG_WARN_CONSTANT_CONVERSION = YES;
				CLANG_WARN_DEPRECATED_OBJC_IMPLEMENTATIONS = YES;
				CLANG_WARN_DIRECT_OBJC_ISA_USAGE = YES_ERROR;
				CLANG_WARN_DOCUMENTATION_COMMENTS = YES;
				CLANG_WARN_EMPTY_BODY = YES;
				CLANG_WARN_ENUM_CONVERSION = YES;
				CLANG_WARN_INFINITE_RECURSION = YES;
				CLANG_WARN_INT_CONVERSION = YES;
				CLANG_WARN_NON_LITERAL_NULL_CONVERSION = YES;
				CLANG_WARN_OBJC_IMPLICIT_RETAIN_SELF = YES;
				CLANG_WARN_OBJC_LITERAL_CONVERSION = YES;
				CLANG_WARN_OBJC_ROOT_CLASS = YES_ERROR;
				CLANG_WARN_QUOTED_INCLUDE_IN_FRAMEWORK_HEADER = YES;
				CLANG_WARN_RANGE_LOOP_ANALYSIS = YES;
				CLANG_WARN_STRICT_PROTOTYPES = YES;
				CLANG_WARN_SUSPICIOUS_MOVE = YES;
				CLANG_WARN_UNGUARDED_AVAILABILITY = YES_AGGRESSIVE;
				CLANG_WARN_UNREACHABLE_CODE = YES;
				CLANG_WARN__DUPLICATE_METHOD_MATCH = YES;
				COPY_PHASE_STRIP = NO;
				DEBUG_INFORMATION_FORMAT = "dwarf-with-dsym";
				ENABLE_NS_ASSERTIONS = NO;
				ENABLE_STRICT_OBJC_MSGSEND = YES;
				ENABLE_USER_SCRIPT_SANDBOXING = YES;
				GCC_C_LANGUAGE_STANDARD = gnu17;
				GCC_NO_COMMON_BLOCKS = YES;
				GCC_WARN_64_TO_32_BIT_CONVERSION = YES;
				GCC_WARN_ABOUT_RETURN_TYPE = YES_ERROR;
				GCC_WARN_UNDECLARED_SELECTOR = YES;
				GCC_WARN_UNINITIALIZED_AUTOS = YES_AGGRESSIVE;
				GCC_WARN_UNUSED_FUNCTION = YES;
				GCC_WARN_UNUSED_VARIABLE = YES;
				IPHONEOS_DEPLOYMENT_TARGET = 17.0;
				LOCALIZATION_PREFERS_STRING_CATALOGS = YES;
				MTL_ENABLE_DEBUG_INFO = NO;
				MTL_FAST_MATH = YES;
				SDKROOT = iphoneos;
				SWIFT_COMPILATION_MODE = wholemodule;
				VALIDATE_PRODUCT = YES;
			};
			name = Release;
		};
		9601D50B2AC0766E00B81FCB /* Debug */ = {
			isa = XCBuildConfiguration;
			buildSettings = {
				ASSETCATALOG_COMPILER_APPICON_NAME = AppIcon;
				ASSETCATALOG_COMPILER_GLOBAL_ACCENT_COLOR_NAME = AccentColor;
				CODE_SIGN_STYLE = Automatic;
				CURRENT_PROJECT_VERSION = 1;
				DEVELOPMENT_ASSET_PATHS = "\"TinderESM/Preview Content\"";
				DEVELOPMENT_TEAM = N9L55J9YJ6;
				ENABLE_PREVIEWS = YES;
				GENERATE_INFOPLIST_FILE = YES;
				INFOPLIST_KEY_UIApplicationSceneManifest_Generation = YES;
				INFOPLIST_KEY_UIApplicationSupportsIndirectInputEvents = YES;
				INFOPLIST_KEY_UILaunchScreen_Generation = YES;
				INFOPLIST_KEY_UISupportedInterfaceOrientations_iPad = "UIInterfaceOrientationPortrait UIInterfaceOrientationPortraitUpsideDown UIInterfaceOrientationLandscapeLeft UIInterfaceOrientationLandscapeRight";
				INFOPLIST_KEY_UISupportedInterfaceOrientations_iPhone = "UIInterfaceOrientationPortrait UIInterfaceOrientationLandscapeLeft UIInterfaceOrientationLandscapeRight";
				LD_RUNPATH_SEARCH_PATHS = (
					"$(inherited)",
					"@executable_path/Frameworks",
				);
				MARKETING_VERSION = 1.0;
				PRODUCT_BUNDLE_IDENTIFIER = com.inuiyuki0904.TinderESM;
				PRODUCT_NAME = "$(TARGET_NAME)";
				SWIFT_EMIT_LOC_STRINGS = YES;
				SWIFT_VERSION = 5.0;
				TARGETED_DEVICE_FAMILY = "1,2";
			};
			name = Debug;
		};
		9601D50C2AC0766E00B81FCB /* Release */ = {
			isa = XCBuildConfiguration;
			buildSettings = {
				ASSETCATALOG_COMPILER_APPICON_NAME = AppIcon;
				ASSETCATALOG_COMPILER_GLOBAL_ACCENT_COLOR_NAME = AccentColor;
				CODE_SIGN_STYLE = Automatic;
				CURRENT_PROJECT_VERSION = 1;
				DEVELOPMENT_ASSET_PATHS = "\"TinderESM/Preview Content\"";
				DEVELOPMENT_TEAM = N9L55J9YJ6;
				ENABLE_PREVIEWS = YES;
				GENERATE_INFOPLIST_FILE = YES;
				INFOPLIST_KEY_UIApplicationSceneManifest_Generation = YES;
				INFOPLIST_KEY_UIApplicationSupportsIndirectInputEvents = YES;
				INFOPLIST_KEY_UILaunchScreen_Generation = YES;
				INFOPLIST_KEY_UISupportedInterfaceOrientations_iPad = "UIInterfaceOrientationPortrait UIInterfaceOrientationPortraitUpsideDown UIInterfaceOrientationLandscapeLeft UIInterfaceOrientationLandscapeRight";
				INFOPLIST_KEY_UISupportedInterfaceOrientations_iPhone = "UIInterfaceOrientationPortrait UIInterfaceOrientationLandscapeLeft UIInterfaceOrientationLandscapeRight";
				LD_RUNPATH_SEARCH_PATHS = (
					"$(inherited)",
					"@executable_path/Frameworks",
				);
				MARKETING_VERSION = 1.0;
				PRODUCT_BUNDLE_IDENTIFIER = com.inuiyuki0904.TinderESM;
				PRODUCT_NAME = "$(TARGET_NAME)";
				SWIFT_EMIT_LOC_STRINGS = YES;
				SWIFT_VERSION = 5.0;
				TARGETED_DEVICE_FAMILY = "1,2";
			};
			name = Release;
		};
/* End XCBuildConfiguration section */

/* Begin XCConfigurationList section */
		9601D4F72AC0766D00B81FCB /* Build configuration list for PBXProject "TinderESM" */ = {
			isa = XCConfigurationList;
			buildConfigurations = (
				9601D5082AC0766E00B81FCB /* Debug */,
				9601D5092AC0766E00B81FCB /* Release */,
			);
			defaultConfigurationIsVisible = 0;
			defaultConfigurationName = Release;
		};
		9601D50A2AC0766E00B81FCB /* Build configuration list for PBXNativeTarget "TinderESM" */ = {
			isa = XCConfigurationList;
			buildConfigurations = (
				9601D50B2AC0766E00B81FCB /* Debug */,
				9601D50C2AC0766E00B81FCB /* Release */,
			);
			defaultConfigurationIsVisible = 0;
			defaultConfigurationName = Release;
		};
/* End XCConfigurationList section */
	};
	rootObject = 9601D4F42AC0766D00B81FCB /* Project object */;
}
